
Microsoft Visual Studio Solution File, Format Version 12.00
# Visual Studio Version 16
VisualStudioVersion = 25.0.1704.3
MinimumVisualStudioVersion = 10.0.40219.1
Project("{FAE04EC0-301F-11D3-BF4B-00C04F79EFBC}") = "TeamKoalaBankApp", "TeamKoalaBankApp.csproj", "{4A8F7849-C5D2-4303-A2C9-BFC49FA5E8F1}"
EndProject
Global
	GlobalSection(SolutionConfigurationPlatforms) = preSolution
		Debug|Any CPU = Debug|Any CPU
		Release|Any CPU = Release|Any CPU
	EndGlobalSection
	GlobalSection(ProjectConfigurationPlatforms) = postSolution
		{4A8F7849-C5D2-4303-A2C9-BFC49FA5E8F1}.Debug|Any CPU.ActiveCfg = Debug|Any CPU
		{4A8F7849-C5D2-4303-A2C9-BFC49FA5E8F1}.Debug|Any CPU.Build.0 = Debug|Any CPU
		{4A8F7849-C5D2-4303-A2C9-BFC49FA5E8F1}.Release|Any CPU.ActiveCfg = Release|Any CPU
		{4A8F7849-C5D2-4303-A2C9-BFC49FA5E8F1}.Release|Any CPU.Build.0 = Release|Any CPU
	EndGlobalSection
	GlobalSection(SolutionProperties) = preSolution
		HideSolutionNode = FALSE
	EndGlobalSection
	GlobalSection(ExtensibilityGlobals) = postSolution
		SolutionGuid = {8B1373CA-ED74-4AD3-BA98-A067D3EB2D49}
	EndGlobalSection
EndGlobal
